
Microsoft Visual Studio Solution File, Format Version 12.00
# Visual Studio Version 17
VisualStudioVersion = 17.5.33530.505
MinimumVisualStudioVersion = 10.0.40219.1
Project("{FAE04EC0-301F-11D3-BF4B-00C04F79EFBC}") = "NoChinookCratePileup", "NoChinookCratePileup.csproj", "{4E709C58-880A-4AF9-B1DB-0FF895973311}"
EndProject
Global
	GlobalSection(SolutionConfigurationPlatforms) = preSolution
		Debug|Any CPU = Debug|Any CPU
		Release|Any CPU = Release|Any CPU
	EndGlobalSection
	GlobalSection(ProjectConfigurationPlatforms) = postSolution
		{4E709C58-880A-4AF9-B1DB-0FF895973311}.Debug|Any CPU.ActiveCfg = Debug|Any CPU
		{4E709C58-880A-4AF9-B1DB-0FF895973311}.Debug|Any CPU.Build.0 = Debug|Any CPU
		{4E709C58-880A-4AF9-B1DB-0FF895973311}.Release|Any CPU.ActiveCfg = Release|Any CPU
		{4E709C58-880A-4AF9-B1DB-0FF895973311}.Release|Any CPU.Build.0 = Release|Any CPU
	EndGlobalSection
	GlobalSection(SolutionProperties) = preSolution
		HideSolutionNode = FALSE
	EndGlobalSection
	GlobalSection(ExtensibilityGlobals) = postSolution
		SolutionGuid = {B14EA94B-B4D4-44B7-BC60-F9FC09C179AC}
	EndGlobalSection
EndGlobal
